// !$*UTF8*$!
{
	archiveVersion = 1;
	classes = {
	};
	objectVersion = 50;
	objects = {

/* Begin PBXBuildFile section */
		A716485D26A2F49400506089 /* Tests_iOS.swift in Sources */ = {isa = PBXBuildFile; fileRef = A716485C26A2F49400506089 /* Tests_iOS.swift */; };
		A716486826A2F49400506089 /* Tests_macOS.swift in Sources */ = {isa = PBXBuildFile; fileRef = A716486726A2F49400506089 /* Tests_macOS.swift */; };
		A716486A26A2F49400506089 /* FitnessAppApp.swift in Sources */ = {isa = PBXBuildFile; fileRef = A716484126A2F49300506089 /* FitnessAppApp.swift */; };
		A716486B26A2F49400506089 /* FitnessAppApp.swift in Sources */ = {isa = PBXBuildFile; fileRef = A716484126A2F49300506089 /* FitnessAppApp.swift */; };
		A716486C26A2F49400506089 /* ContentView.swift in Sources */ = {isa = PBXBuildFile; fileRef = A716484226A2F49300506089 /* ContentView.swift */; };
		A716486D26A2F49400506089 /* ContentView.swift in Sources */ = {isa = PBXBuildFile; fileRef = A716484226A2F49300506089 /* ContentView.swift */; };
		A716486E26A2F49400506089 /* Assets.xcassets in Resources */ = {isa = PBXBuildFile; fileRef = A716484326A2F49400506089 /* Assets.xcassets */; };
		A716486F26A2F49400506089 /* Assets.xcassets in Resources */ = {isa = PBXBuildFile; fileRef = A716484326A2F49400506089 /* Assets.xcassets */; };
		A716487F26A2F4A600506089 /* LoginScreen.swift in Sources */ = {isa = PBXBuildFile; fileRef = A716487E26A2F4A600506089 /* LoginScreen.swift */; };
		A716488026A2F4A600506089 /* LoginScreen.swift in Sources */ = {isa = PBXBuildFile; fileRef = A716487E26A2F4A600506089 /* LoginScreen.swift */; };
		A716488226A2FB3400506089 /* HomeScreen.swift in Sources */ = {isa = PBXBuildFile; fileRef = A716488126A2FB3400506089 /* HomeScreen.swift */; };
		A716488326A2FB3400506089 /* HomeScreen.swift in Sources */ = {isa = PBXBuildFile; fileRef = A716488126A2FB3400506089 /* HomeScreen.swift */; };
		A716488526A300AE00506089 /* SigninWithApple.swift in Sources */ = {isa = PBXBuildFile; fileRef = A716488426A300AE00506089 /* SigninWithApple.swift */; };
		A716488626A300AE00506089 /* SigninWithApple.swift in Sources */ = {isa = PBXBuildFile; fileRef = A716488426A300AE00506089 /* SigninWithApple.swift */; };
		A716488E26A3067E00506089 /* TabBar.swift in Sources */ = {isa = PBXBuildFile; fileRef = A716488D26A3067E00506089 /* TabBar.swift */; };
		A716488F26A3067E00506089 /* TabBar.swift in Sources */ = {isa = PBXBuildFile; fileRef = A716488D26A3067E00506089 /* TabBar.swift */; };
		A716489126A312DE00506089 /* selectedsports.swift in Sources */ = {isa = PBXBuildFile; fileRef = A716489026A312DE00506089 /* selectedsports.swift */; };
		A716489226A312DE00506089 /* selectedsports.swift in Sources */ = {isa = PBXBuildFile; fileRef = A716489026A312DE00506089 /* selectedsports.swift */; };
		A716489826A3226A00506089 /* Constant.swift in Sources */ = {isa = PBXBuildFile; fileRef = A716489726A3226A00506089 /* Constant.swift */; };
		A716489926A3226A00506089 /* Constant.swift in Sources */ = {isa = PBXBuildFile; fileRef = A716489726A3226A00506089 /* Constant.swift */; };
		A716489B26A3228F00506089 /* ActivityData.swift in Sources */ = {isa = PBXBuildFile; fileRef = A716489A26A3228F00506089 /* ActivityData.swift */; };
		A716489C26A3228F00506089 /* ActivityData.swift in Sources */ = {isa = PBXBuildFile; fileRef = A716489A26A3228F00506089 /* ActivityData.swift */; };
		A716489F26A322DD00506089 /* ColorExt.swift in Sources */ = {isa = PBXBuildFile; fileRef = A716489E26A322DD00506089 /* ColorExt.swift */; };
		A71648A026A322DD00506089 /* ColorExt.swift in Sources */ = {isa = PBXBuildFile; fileRef = A716489E26A322DD00506089 /* ColorExt.swift */; };
		A71648A326A3233800506089 /* StandChartView.swift in Sources */ = {isa = PBXBuildFile; fileRef = A71648A226A3233800506089 /* StandChartView.swift */; };
		A71648A426A3233800506089 /* StandChartView.swift in Sources */ = {isa = PBXBuildFile; fileRef = A71648A226A3233800506089 /* StandChartView.swift */; };
		A71648A626A3235F00506089 /* BarChartView.swift in Sources */ = {isa = PBXBuildFile; fileRef = A71648A526A3235F00506089 /* BarChartView.swift */; };
		A71648A726A3235F00506089 /* BarChartView.swift in Sources */ = {isa = PBXBuildFile; fileRef = A71648A526A3235F00506089 /* BarChartView.swift */; };
		A71648AA26A326A500506089 /* PickerView.swift in Sources */ = {isa = PBXBuildFile; fileRef = A71648A926A326A500506089 /* PickerView.swift */; };
		A71648AB26A326A500506089 /* PickerView.swift in Sources */ = {isa = PBXBuildFile; fileRef = A71648A926A326A500506089 /* PickerView.swift */; };
		A76B0E9026A5A69B001FAA93 /* Model.swift in Sources */ = {isa = PBXBuildFile; fileRef = A76B0E8F26A5A69B001FAA93 /* Model.swift */; };
		A76B0E9126A5A69B001FAA93 /* Model.swift in Sources */ = {isa = PBXBuildFile; fileRef = A76B0E8F26A5A69B001FAA93 /* Model.swift */; };
/* End PBXBuildFile section */

/* Begin PBXContainerItemProxy section */
		A716485926A2F49400506089 /* PBXContainerItemProxy */ = {
			isa = PBXContainerItemProxy;
			containerPortal = A716483C26A2F49200506089 /* Project object */;
			proxyType = 1;
			remoteGlobalIDString = A716484726A2F49400506089;
			remoteInfo = "FitnessApp (iOS)";
		};
		A716486426A2F49400506089 /* PBXContainerItemProxy */ = {
			isa = PBXContainerItemProxy;
			containerPortal = A716483C26A2F49200506089 /* Project object */;
			proxyType = 1;
			remoteGlobalIDString = A716484F26A2F49400506089;
			remoteInfo = "FitnessApp (macOS)";
		};
/* End PBXContainerItemProxy section */

/* Begin PBXFileReference section */
		A716484126A2F49300506089 /* FitnessAppApp.swift */ = {isa = PBXFileReference; lastKnownFileType = sourcecode.swift; path = FitnessAppApp.swift; sourceTree = "<group>"; };
		A716484226A2F49300506089 /* ContentView.swift */ = {isa = PBXFileReference; lastKnownFileType = sourcecode.swift; path = ContentView.swift; sourceTree = "<group>"; };
		A716484326A2F49400506089 /* Assets.xcassets */ = {isa = PBXFileReference; lastKnownFileType = folder.assetcatalog; path = Assets.xcassets; sourceTree = "<group>"; };
		A716484826A2F49400506089 /* FitnessApp.app */ = {isa = PBXFileReference; explicitFileType = wrapper.application; includeInIndex = 0; path = FitnessApp.app; sourceTree = BUILT_PRODUCTS_DIR; };
		A716484B26A2F49400506089 /* Info.plist */ = {isa = PBXFileReference; lastKnownFileType = text.plist.xml; path = Info.plist; sourceTree = "<group>"; };
		A716485026A2F49400506089 /* FitnessApp.app */ = {isa = PBXFileReference; explicitFileType = wrapper.application; includeInIndex = 0; path = FitnessApp.app; sourceTree = BUILT_PRODUCTS_DIR; };
		A716485226A2F49400506089 /* Info.plist */ = {isa = PBXFileReference; lastKnownFileType = text.plist.xml; path = Info.plist; sourceTree = "<group>"; };
		A716485326A2F49400506089 /* macOS.entitlements */ = {isa = PBXFileReference; lastKnownFileType = text.plist.entitlements; path = macOS.entitlements; sourceTree = "<group>"; };
		A716485826A2F49400506089 /* Tests iOS.xctest */ = {isa = PBXFileReference; explicitFileType = wrapper.cfbundle; includeInIndex = 0; path = "Tests iOS.xctest"; sourceTree = BUILT_PRODUCTS_DIR; };
		A716485C26A2F49400506089 /* Tests_iOS.swift */ = {isa = PBXFileReference; lastKnownFileType = sourcecode.swift; path = Tests_iOS.swift; sourceTree = "<group>"; };
		A716485E26A2F49400506089 /* Info.plist */ = {isa = PBXFileReference; lastKnownFileType = text.plist.xml; path = Info.plist; sourceTree = "<group>"; };
		A716486326A2F49400506089 /* Tests macOS.xctest */ = {isa = PBXFileReference; explicitFileType = wrapper.cfbundle; includeInIndex = 0; path = "Tests macOS.xctest"; sourceTree = BUILT_PRODUCTS_DIR; };
		A716486726A2F49400506089 /* Tests_macOS.swift */ = {isa = PBXFileReference; lastKnownFileType = sourcecode.swift; path = Tests_macOS.swift; sourceTree = "<group>"; };
		A716486926A2F49400506089 /* Info.plist */ = {isa = PBXFileReference; lastKnownFileType = text.plist.xml; path = Info.plist; sourceTree = "<group>"; };
		A716487E26A2F4A600506089 /* LoginScreen.swift */ = {isa = PBXFileReference; lastKnownFileType = sourcecode.swift; path = LoginScreen.swift; sourceTree = "<group>"; };
		A716488126A2FB3400506089 /* HomeScreen.swift */ = {isa = PBXFileReference; lastKnownFileType = sourcecode.swift; path = HomeScreen.swift; sourceTree = "<group>"; };
		A716488426A300AE00506089 /* SigninWithApple.swift */ = {isa = PBXFileReference; lastKnownFileType = sourcecode.swift; path = SigninWithApple.swift; sourceTree = "<group>"; };
		A716488D26A3067E00506089 /* TabBar.swift */ = {isa = PBXFileReference; lastKnownFileType = sourcecode.swift; path = TabBar.swift; sourceTree = "<group>"; };
		A716489026A312DE00506089 /* selectedsports.swift */ = {isa = PBXFileReference; lastKnownFileType = sourcecode.swift; path = selectedsports.swift; sourceTree = "<group>"; };
		A716489726A3226A00506089 /* Constant.swift */ = {isa = PBXFileReference; lastKnownFileType = sourcecode.swift; path = Constant.swift; sourceTree = "<group>"; };
		A716489A26A3228F00506089 /* ActivityData.swift */ = {isa = PBXFileReference; lastKnownFileType = sourcecode.swift; path = ActivityData.swift; sourceTree = "<group>"; };
		A716489E26A322DD00506089 /* ColorExt.swift */ = {isa = PBXFileReference; lastKnownFileType = sourcecode.swift; path = ColorExt.swift; sourceTree = "<group>"; };
		A71648A226A3233800506089 /* StandChartView.swift */ = {isa = PBXFileReference; lastKnownFileType = sourcecode.swift; path = StandChartView.swift; sourceTree = "<group>"; };
		A71648A526A3235F00506089 /* BarChartView.swift */ = {isa = PBXFileReference; lastKnownFileType = sourcecode.swift; path = BarChartView.swift; sourceTree = "<group>"; };
		A71648A926A326A500506089 /* PickerView.swift */ = {isa = PBXFileReference; lastKnownFileType = sourcecode.swift; path = PickerView.swift; sourceTree = "<group>"; };
		A76B0E8F26A5A69B001FAA93 /* Model.swift */ = {isa = PBXFileReference; lastKnownFileType = sourcecode.swift; path = Model.swift; sourceTree = "<group>"; };
/* End PBXFileReference section */

/* Begin PBXFrameworksBuildPhase section */
		A716484526A2F49400506089 /* Frameworks */ = {
			isa = PBXFrameworksBuildPhase;
			buildActionMask = 2147483647;
			files = (
			);
			runOnlyForDeploymentPostprocessing = 0;
		};
		A716484D26A2F49400506089 /* Frameworks */ = {
			isa = PBXFrameworksBuildPhase;
			buildActionMask = 2147483647;
			files = (
			);
			runOnlyForDeploymentPostprocessing = 0;
		};
		A716485526A2F49400506089 /* Frameworks */ = {
			isa = PBXFrameworksBuildPhase;
			buildActionMask = 2147483647;
			files = (
			);
			runOnlyForDeploymentPostprocessing = 0;
		};
		A716486026A2F49400506089 /* Frameworks */ = {
			isa = PBXFrameworksBuildPhase;
			buildActionMask = 2147483647;
			files = (
			);
			runOnlyForDeploymentPostprocessing = 0;
		};
/* End PBXFrameworksBuildPhase section */

/* Begin PBXGroup section */
		A716483B26A2F49200506089 = {
			isa = PBXGroup;
			children = (
				A716484026A2F49300506089 /* Shared */,
				A716484A26A2F49400506089 /* iOS */,
				A716485126A2F49400506089 /* macOS */,
				A716485B26A2F49400506089 /* Tests iOS */,
				A716486626A2F49400506089 /* Tests macOS */,
				A716484926A2F49400506089 /* Products */,
			);
			sourceTree = "<group>";
		};
		A716484026A2F49300506089 /* Shared */ = {
			isa = PBXGroup;
			children = (
				A71648A826A3239300506089 /* Screens */,
				A71648A126A3232200506089 /* Views */,
				A716489D26A322C700506089 /* Extension */,
				A716489626A3225B00506089 /* Data */,
				A716484126A2F49300506089 /* FitnessAppApp.swift */,
				A716484226A2F49300506089 /* ContentView.swift */,
				A716484326A2F49400506089 /* Assets.xcassets */,
				A716488426A300AE00506089 /* SigninWithApple.swift */,
				A716489026A312DE00506089 /* selectedsports.swift */,
				A76B0E8F26A5A69B001FAA93 /* Model.swift */,
			);
			path = Shared;
			sourceTree = "<group>";
		};
		A716484926A2F49400506089 /* Products */ = {
			isa = PBXGroup;
			children = (
				A716484826A2F49400506089 /* FitnessApp.app */,
				A716485026A2F49400506089 /* FitnessApp.app */,
				A716485826A2F49400506089 /* Tests iOS.xctest */,
				A716486326A2F49400506089 /* Tests macOS.xctest */,
			);
			name = Products;
			sourceTree = "<group>";
		};
		A716484A26A2F49400506089 /* iOS */ = {
			isa = PBXGroup;
			children = (
				A716484B26A2F49400506089 /* Info.plist */,
			);
			path = iOS;
			sourceTree = "<group>";
		};
		A716485126A2F49400506089 /* macOS */ = {
			isa = PBXGroup;
			children = (
				A716485226A2F49400506089 /* Info.plist */,
				A716485326A2F49400506089 /* macOS.entitlements */,
			);
			path = macOS;
			sourceTree = "<group>";
		};
		A716485B26A2F49400506089 /* Tests iOS */ = {
			isa = PBXGroup;
			children = (
				A716485C26A2F49400506089 /* Tests_iOS.swift */,
				A716485E26A2F49400506089 /* Info.plist */,
			);
			path = "Tests iOS";
			sourceTree = "<group>";
		};
		A716486626A2F49400506089 /* Tests macOS */ = {
			isa = PBXGroup;
			children = (
				A716486726A2F49400506089 /* Tests_macOS.swift */,
				A716486926A2F49400506089 /* Info.plist */,
			);
			path = "Tests macOS";
			sourceTree = "<group>";
		};
		A716489626A3225B00506089 /* Data */ = {
			isa = PBXGroup;
			children = (
				A716489726A3226A00506089 /* Constant.swift */,
				A716489A26A3228F00506089 /* ActivityData.swift */,
			);
			path = Data;
			sourceTree = "<group>";
		};
		A716489D26A322C700506089 /* Extension */ = {
			isa = PBXGroup;
			children = (
				A716489E26A322DD00506089 /* ColorExt.swift */,
			);
			path = Extension;
			sourceTree = "<group>";
		};
		A71648A126A3232200506089 /* Views */ = {
			isa = PBXGroup;
			children = (
				A71648A226A3233800506089 /* StandChartView.swift */,
				A71648A526A3235F00506089 /* BarChartView.swift */,
				A716488D26A3067E00506089 /* TabBar.swift */,
			);
			path = Views;
			sourceTree = "<group>";
		};
		A71648A826A3239300506089 /* Screens */ = {
			isa = PBXGroup;
			children = (
				A716488126A2FB3400506089 /* HomeScreen.swift */,
				A716487E26A2F4A600506089 /* LoginScreen.swift */,
				A71648A926A326A500506089 /* PickerView.swift */,
			);
			path = Screens;
			sourceTree = "<group>";
		};
/* End PBXGroup section */

/* Begin PBXNativeTarget section */
		A716484726A2F49400506089 /* FitnessApp (iOS) */ = {
			isa = PBXNativeTarget;
			buildConfigurationList = A716487226A2F49400506089 /* Build configuration list for PBXNativeTarget "FitnessApp (iOS)" */;
			buildPhases = (
				A716484426A2F49400506089 /* Sources */,
				A716484526A2F49400506089 /* Frameworks */,
				A716484626A2F49400506089 /* Resources */,
			);
			buildRules = (
			);
			dependencies = (
			);
			name = "FitnessApp (iOS)";
			productName = "FitnessApp (iOS)";
			productReference = A716484826A2F49400506089 /* FitnessApp.app */;
			productType = "com.apple.product-type.application";
		};
		A716484F26A2F49400506089 /* FitnessApp (macOS) */ = {
			isa = PBXNativeTarget;
			buildConfigurationList = A716487526A2F49400506089 /* Build configuration list for PBXNativeTarget "FitnessApp (macOS)" */;
			buildPhases = (
				A716484C26A2F49400506089 /* Sources */,
				A716484D26A2F49400506089 /* Frameworks */,
				A716484E26A2F49400506089 /* Resources */,
			);
			buildRules = (
			);
			dependencies = (
			);
			name = "FitnessApp (macOS)";
			productName = "FitnessApp (macOS)";
			productReference = A716485026A2F49400506089 /* FitnessApp.app */;
			productType = "com.apple.product-type.application";
		};
		A716485726A2F49400506089 /* Tests iOS */ = {
			isa = PBXNativeTarget;
			buildConfigurationList = A716487826A2F49400506089 /* Build configuration list for PBXNativeTarget "Tests iOS" */;
			buildPhases = (
				A716485426A2F49400506089 /* Sources */,
				A716485526A2F49400506089 /* Frameworks */,
				A716485626A2F49400506089 /* Resources */,
			);
			buildRules = (
			);
			dependencies = (
				A716485A26A2F49400506089 /* PBXTargetDependency */,
			);
			name = "Tests iOS";
			productName = "Tests iOS";
			productReference = A716485826A2F49400506089 /* Tests iOS.xctest */;
			productType = "com.apple.product-type.bundle.ui-testing";
		};
		A716486226A2F49400506089 /* Tests macOS */ = {
			isa = PBXNativeTarget;
			buildConfigurationList = A716487B26A2F49400506089 /* Build configuration list for PBXNativeTarget "Tests macOS" */;
			buildPhases = (
				A716485F26A2F49400506089 /* Sources */,
				A716486026A2F49400506089 /* Frameworks */,
				A716486126A2F49400506089 /* Resources */,
			);
			buildRules = (
			);
			dependencies = (
				A716486526A2F49400506089 /* PBXTargetDependency */,
			);
			name = "Tests macOS";
			productName = "Tests macOS";
			productReference = A716486326A2F49400506089 /* Tests macOS.xctest */;
			productType = "com.apple.product-type.bundle.ui-testing";
		};
/* End PBXNativeTarget section */

/* Begin PBXProject section */
		A716483C26A2F49200506089 /* Project object */ = {
			isa = PBXProject;
			attributes = {
				LastSwiftUpdateCheck = 1250;
				LastUpgradeCheck = 1300;
				TargetAttributes = {
					A716484726A2F49400506089 = {
						CreatedOnToolsVersion = 12.5;
					};
					A716484F26A2F49400506089 = {
						CreatedOnToolsVersion = 12.5;
					};
					A716485726A2F49400506089 = {
						CreatedOnToolsVersion = 12.5;
						TestTargetID = A716484726A2F49400506089;
					};
					A716486226A2F49400506089 = {
						CreatedOnToolsVersion = 12.5;
						TestTargetID = A716484F26A2F49400506089;
					};
				};
			};
			buildConfigurationList = A716483F26A2F49200506089 /* Build configuration list for PBXProject "FitnessApp" */;
			compatibilityVersion = "Xcode 9.3";
			developmentRegion = en;
			hasScannedForEncodings = 0;
			knownRegions = (
				en,
				Base,
			);
			mainGroup = A716483B26A2F49200506089;
			productRefGroup = A716484926A2F49400506089 /* Products */;
			projectDirPath = "";
			projectRoot = "";
			targets = (
				A716484726A2F49400506089 /* FitnessApp (iOS) */,
				A716484F26A2F49400506089 /* FitnessApp (macOS) */,
				A716485726A2F49400506089 /* Tests iOS */,
				A716486226A2F49400506089 /* Tests macOS */,
			);
		};
/* End PBXProject section */

/* Begin PBXResourcesBuildPhase section */
		A716484626A2F49400506089 /* Resources */ = {
			isa = PBXResourcesBuildPhase;
			buildActionMask = 2147483647;
			files = (
				A716486E26A2F49400506089 /* Assets.xcassets in Resources */,
			);
			runOnlyForDeploymentPostprocessing = 0;
		};
		A716484E26A2F49400506089 /* Resources */ = {
			isa = PBXResourcesBuildPhase;
			buildActionMask = 2147483647;
			files = (
				A716486F26A2F49400506089 /* Assets.xcassets in Resources */,
			);
			runOnlyForDeploymentPostprocessing = 0;
		};
		A716485626A2F49400506089 /* Resources */ = {
			isa = PBXResourcesBuildPhase;
			buildActionMask = 2147483647;
			files = (
			);
			runOnlyForDeploymentPostprocessing = 0;
		};
		A716486126A2F49400506089 /* Resources */ = {
			isa = PBXResourcesBuildPhase;
			buildActionMask = 2147483647;
			files = (
			);
			runOnlyForDeploymentPostprocessing = 0;
		};
/* End PBXResourcesBuildPhase section */

/* Begin PBXSourcesBuildPhase section */
		A716484426A2F49400506089 /* Sources */ = {
			isa = PBXSourcesBuildPhase;
			buildActionMask = 2147483647;
			files = (
				A716488226A2FB3400506089 /* HomeScreen.swift in Sources */,
				A71648A626A3235F00506089 /* BarChartView.swift in Sources */,
				A716489826A3226A00506089 /* Constant.swift in Sources */,
				A716486C26A2F49400506089 /* ContentView.swift in Sources */,
				A716489B26A3228F00506089 /* ActivityData.swift in Sources */,
				A716486A26A2F49400506089 /* FitnessAppApp.swift in Sources */,
				A716489126A312DE00506089 /* selectedsports.swift in Sources */,
				A76B0E9026A5A69B001FAA93 /* Model.swift in Sources */,
				A716489F26A322DD00506089 /* ColorExt.swift in Sources */,
				A716488526A300AE00506089 /* SigninWithApple.swift in Sources */,
				A71648AA26A326A500506089 /* PickerView.swift in Sources */,
				A716488E26A3067E00506089 /* TabBar.swift in Sources */,
				A71648A326A3233800506089 /* StandChartView.swift in Sources */,
				A716487F26A2F4A600506089 /* LoginScreen.swift in Sources */,
			);
			runOnlyForDeploymentPostprocessing = 0;
		};
		A716484C26A2F49400506089 /* Sources */ = {
			isa = PBXSourcesBuildPhase;
			buildActionMask = 2147483647;
			files = (
				A716488326A2FB3400506089 /* HomeScreen.swift in Sources */,
				A71648A726A3235F00506089 /* BarChartView.swift in Sources */,
				A716489926A3226A00506089 /* Constant.swift in Sources */,
				A716486D26A2F49400506089 /* ContentView.swift in Sources */,
				A716489C26A3228F00506089 /* ActivityData.swift in Sources */,
				A716486B26A2F49400506089 /* FitnessAppApp.swift in Sources */,
				A716489226A312DE00506089 /* selectedsports.swift in Sources */,
				A76B0E9126A5A69B001FAA93 /* Model.swift in Sources */,
				A71648A026A322DD00506089 /* ColorExt.swift in Sources */,
				A716488626A300AE00506089 /* SigninWithApple.swift in Sources */,
				A71648AB26A326A500506089 /* PickerView.swift in Sources */,
				A716488F26A3067E00506089 /* TabBar.swift in Sources */,
				A71648A426A3233800506089 /* StandChartView.swift in Sources */,
				A716488026A2F4A600506089 /* LoginScreen.swift in Sources */,
			);
			runOnlyForDeploymentPostprocessing = 0;
		};
		A716485426A2F49400506089 /* Sources */ = {
			isa = PBXSourcesBuildPhase;
			buildActionMask = 2147483647;
			files = (
				A716485D26A2F49400506089 /* Tests_iOS.swift in Sources */,
			);
			runOnlyForDeploymentPostprocessing = 0;
		};
		A716485F26A2F49400506089 /* Sources */ = {
			isa = PBXSourcesBuildPhase;
			buildActionMask = 2147483647;
			files = (
				A716486826A2F49400506089 /* Tests_macOS.swift in Sources */,
			);
			runOnlyForDeploymentPostprocessing = 0;
		};
/* End PBXSourcesBuildPhase section */

/* Begin PBXTargetDependency section */
		A716485A26A2F49400506089 /* PBXTargetDependency */ = {
			isa = PBXTargetDependency;
			target = A716484726A2F49400506089 /* FitnessApp (iOS) */;
			targetProxy = A716485926A2F49400506089 /* PBXContainerItemProxy */;
		};
		A716486526A2F49400506089 /* PBXTargetDependency */ = {
			isa = PBXTargetDependency;
			target = A716484F26A2F49400506089 /* FitnessApp (macOS) */;
			targetProxy = A716486426A2F49400506089 /* PBXContainerItemProxy */;
		};
/* End PBXTargetDependency section */

/* Begin XCBuildConfiguration section */
		A716487026A2F49400506089 /* Debug */ = {
			isa = XCBuildConfiguration;
			buildSettings = {
				ALWAYS_SEARCH_USER_PATHS = NO;
				CLANG_ANALYZER_NONNULL = YES;
				CLANG_ANALYZER_NUMBER_OBJECT_CONVERSION = YES_AGGRESSIVE;
				CLANG_CXX_LANGUAGE_STANDARD = "gnu++14";
				CLANG_CXX_LIBRARY = "libc++";
				CLANG_ENABLE_MODULES = YES;
				CLANG_ENABLE_OBJC_ARC = YES;
				CLANG_ENABLE_OBJC_WEAK = YES;
				CLANG_WARN_BLOCK_CAPTURE_AUTORELEASING = YES;
				CLANG_WARN_BOOL_CONVERSION = YES;
				CLANG_WARN_COMMA = YES;
				CLANG_WARN_CONSTANT_CONVERSION = YES;
				CLANG_WARN_DEPRECATED_OBJC_IMPLEMENTATIONS = YES;
				CLANG_WARN_DIRECT_OBJC_ISA_USAGE = YES_ERROR;
				CLANG_WARN_DOCUMENTATION_COMMENTS = YES;
				CLANG_WARN_EMPTY_BODY = YES;
				CLANG_WARN_ENUM_CONVERSION = YES;
				CLANG_WARN_INFINITE_RECURSION = YES;
				CLANG_WARN_INT_CONVERSION = YES;
				CLANG_WARN_NON_LITERAL_NULL_CONVERSION = YES;
				CLANG_WARN_OBJC_IMPLICIT_RETAIN_SELF = YES;
				CLANG_WARN_OBJC_LITERAL_CONVERSION = YES;
				CLANG_WARN_OBJC_ROOT_CLASS = YES_ERROR;
				CLANG_WARN_QUOTED_INCLUDE_IN_FRAMEWORK_HEADER = YES;
				CLANG_WARN_RANGE_LOOP_ANALYSIS = YES;
				CLANG_WARN_STRICT_PROTOTYPES = YES;
				CLANG_WARN_SUSPICIOUS_MOVE = YES;
				CLANG_WARN_UNGUARDED_AVAILABILITY = YES_AGGRESSIVE;
				CLANG_WARN_UNREACHABLE_CODE = YES;
				CLANG_WARN__DUPLICATE_METHOD_MATCH = YES;
				COPY_PHASE_STRIP = NO;
				DEBUG_INFORMATION_FORMAT = dwarf;
				ENABLE_STRICT_OBJC_MSGSEND = YES;
				ENABLE_TESTABILITY = YES;
				GCC_C_LANGUAGE_STANDARD = gnu11;
				GCC_DYNAMIC_NO_PIC = NO;
				GCC_NO_COMMON_BLOCKS = YES;
				GCC_OPTIMIZATION_LEVEL = 0;
				GCC_PREPROCESSOR_DEFINITIONS = (
					"DEBUG=1",
					"$(inherited)",
				);
				GCC_WARN_64_TO_32_BIT_CONVERSION = YES;
				GCC_WARN_ABOUT_RETURN_TYPE = YES_ERROR;
				GCC_WARN_UNDECLARED_SELECTOR = YES;
				GCC_WARN_UNINITIALIZED_AUTOS = YES_AGGRESSIVE;
				GCC_WARN_UNUSED_FUNCTION = YES;
				GCC_WARN_UNUSED_VARIABLE = YES;
				MTL_ENABLE_DEBUG_INFO = INCLUDE_SOURCE;
				MTL_FAST_MATH = YES;
				ONLY_ACTIVE_ARCH = YES;
				SWIFT_ACTIVE_COMPILATION_CONDITIONS = DEBUG;
				SWIFT_OPTIMIZATION_LEVEL = "-Onone";
			};
			name = Debug;
		};
		A716487126A2F49400506089 /* Release */ = {
			isa = XCBuildConfiguration;
			buildSettings = {
				ALWAYS_SEARCH_USER_PATHS = NO;
				CLANG_ANALYZER_NONNULL = YES;
				CLANG_ANALYZER_NUMBER_OBJECT_CONVERSION = YES_AGGRESSIVE;
				CLANG_CXX_LANGUAGE_STANDARD = "gnu++14";
				CLANG_CXX_LIBRARY = "libc++";
				CLANG_ENABLE_MODULES = YES;
				CLANG_ENABLE_OBJC_ARC = YES;
				CLANG_ENABLE_OBJC_WEAK = YES;
				CLANG_WARN_BLOCK_CAPTURE_AUTORELEASING = YES;
				CLANG_WARN_BOOL_CONVERSION = YES;
				CLANG_WARN_COMMA = YES;
				CLANG_WARN_CONSTANT_CONVERSION = YES;
				CLANG_WARN_DEPRECATED_OBJC_IMPLEMENTATIONS = YES;
				CLANG_WARN_DIRECT_OBJC_ISA_USAGE = YES_ERROR;
				CLANG_WARN_DOCUMENTATION_COMMENTS = YES;
				CLANG_WARN_EMPTY_BODY = YES;
				CLANG_WARN_ENUM_CONVERSION = YES;
				CLANG_WARN_INFINITE_RECURSION = YES;
				CLANG_WARN_INT_CONVERSION = YES;
				CLANG_WARN_NON_LITERAL_NULL_CONVERSION = YES;
				CLANG_WARN_OBJC_IMPLICIT_RETAIN_SELF = YES;
				CLANG_WARN_OBJC_LITERAL_CONVERSION = YES;
				CLANG_WARN_OBJC_ROOT_CLASS = YES_ERROR;
				CLANG_WARN_QUOTED_INCLUDE_IN_FRAMEWORK_HEADER = YES;
				CLANG_WARN_RANGE_LOOP_ANALYSIS = YES;
				CLANG_WARN_STRICT_PROTOTYPES = YES;
				CLANG_WARN_SUSPICIOUS_MOVE = YES;
				CLANG_WARN_UNGUARDED_AVAILABILITY = YES_AGGRESSIVE;
				CLANG_WARN_UNREACHABLE_CODE = YES;
				CLANG_WARN__DUPLICATE_METHOD_MATCH = YES;
				COPY_PHASE_STRIP = NO;
				DEBUG_INFORMATION_FORMAT = "dwarf-with-dsym";
				ENABLE_NS_ASSERTIONS = NO;
				ENABLE_STRICT_OBJC_MSGSEND = YES;
				GCC_C_LANGUAGE_STANDARD = gnu11;
				GCC_NO_COMMON_BLOCKS = YES;
				GCC_WARN_64_TO_32_BIT_CONVERSION = YES;
				GCC_WARN_ABOUT_RETURN_TYPE = YES_ERROR;
				GCC_WARN_UNDECLARED_SELECTOR = YES;
				GCC_WARN_UNINITIALIZED_AUTOS = YES_AGGRESSIVE;
				GCC_WARN_UNUSED_FUNCTION = YES;
				GCC_WARN_UNUSED_VARIABLE = YES;
				MTL_ENABLE_DEBUG_INFO = NO;
				MTL_FAST_MATH = YES;
				SWIFT_COMPILATION_MODE = wholemodule;
				SWIFT_OPTIMIZATION_LEVEL = "-O";
			};
			name = Release;
		};
		A716487326A2F49400506089 /* Debug */ = {
			isa = XCBuildConfiguration;
			buildSettings = {
				ASSETCATALOG_COMPILER_APPICON_NAME = AppIcon;
				ASSETCATALOG_COMPILER_GLOBAL_ACCENT_COLOR_NAME = AccentColor;
				CODE_SIGN_STYLE = Automatic;
				DEVELOPMENT_TEAM = 4Q6S759NWS;
				ENABLE_PREVIEWS = YES;
				INFOPLIST_FILE = iOS/Info.plist;
				IPHONEOS_DEPLOYMENT_TARGET = 14.0;
				LD_RUNPATH_SEARCH_PATHS = (
					"$(inherited)",
					"@executable_path/Frameworks",
				);
				PRODUCT_BUNDLE_IDENTIFIER = Temi.FitnessApp;
				PRODUCT_NAME = FitnessApp;
				SDKROOT = iphoneos;
				SWIFT_VERSION = 5.0;
				TARGETED_DEVICE_FAMILY = "1,2";
			};
			name = Debug;
		};
		A716487426A2F49400506089 /* Release */ = {
			isa = XCBuildConfiguration;
			buildSettings = {
				ASSETCATALOG_COMPILER_APPICON_NAME = AppIcon;
				ASSETCATALOG_COMPILER_GLOBAL_ACCENT_COLOR_NAME = AccentColor;
				CODE_SIGN_STYLE = Automatic;
				DEVELOPMENT_TEAM = 4Q6S759NWS;
				ENABLE_PREVIEWS = YES;
				INFOPLIST_FILE = iOS/Info.plist;
				IPHONEOS_DEPLOYMENT_TARGET = 14.0;
				LD_RUNPATH_SEARCH_PATHS = (
					"$(inherited)",
					"@executable_path/Frameworks",
				);
				PRODUCT_BUNDLE_IDENTIFIER = Temi.FitnessApp;
				PRODUCT_NAME = FitnessApp;
				SDKROOT = iphoneos;
				SWIFT_VERSION = 5.0;
				TARGETED_DEVICE_FAMILY = "1,2";
				VALIDATE_PRODUCT = YES;
			};
			name = Release;
		};
		A716487626A2F49400506089 /* Debug */ = {
			isa = XCBuildConfiguration;
			buildSettings = {
				ASSETCATALOG_COMPILER_APPICON_NAME = AppIcon;
				ASSETCATALOG_COMPILER_GLOBAL_ACCENT_COLOR_NAME = AccentColor;
				CODE_SIGN_ENTITLEMENTS = macOS/macOS.entitlements;
				CODE_SIGN_IDENTITY = "-";
				CODE_SIGN_STYLE = Automatic;
				COMBINE_HIDPI_IMAGES = YES;
				DEVELOPMENT_TEAM = 4Q6S759NWS;
				ENABLE_HARDENED_RUNTIME = YES;
				ENABLE_PREVIEWS = YES;
				INFOPLIST_FILE = macOS/Info.plist;
				LD_RUNPATH_SEARCH_PATHS = (
					"$(inherited)",
					"@executable_path/../Frameworks",
				);
				MACOSX_DEPLOYMENT_TARGET = 11.0;
				PRODUCT_BUNDLE_IDENTIFIER = Temi.FitnessApp;
				PRODUCT_NAME = FitnessApp;
				SDKROOT = macosx;
				SWIFT_VERSION = 5.0;
			};
			name = Debug;
		};
		A716487726A2F49400506089 /* Release */ = {
			isa = XCBuildConfiguration;
			buildSettings = {
				ASSETCATALOG_COMPILER_APPICON_NAME = AppIcon;
				ASSETCATALOG_COMPILER_GLOBAL_ACCENT_COLOR_NAME = AccentColor;
				CODE_SIGN_ENTITLEMENTS = macOS/macOS.entitlements;
				CODE_SIGN_IDENTITY = "-";
				CODE_SIGN_STYLE = Automatic;
				COMBINE_HIDPI_IMAGES = YES;
				DEVELOPMENT_TEAM = 4Q6S759NWS;
				ENABLE_HARDENED_RUNTIME = YES;
				ENABLE_PREVIEWS = YES;
				INFOPLIST_FILE = macOS/Info.plist;
				LD_RUNPATH_SEARCH_PATHS = (
					"$(inherited)",
					"@executable_path/../Frameworks",
				);
				MACOSX_DEPLOYMENT_TARGET = 11.0;
				PRODUCT_BUNDLE_IDENTIFIER = Temi.FitnessApp;
				PRODUCT_NAME = FitnessApp;
				SDKROOT = macosx;
				SWIFT_VERSION = 5.0;
			};
			name = Release;
		};
		A716487926A2F49400506089 /* Debug */ = {
			isa = XCBuildConfiguration;
			buildSettings = {
				ALWAYS_EMBED_SWIFT_STANDARD_LIBRARIES = YES;
				CODE_SIGN_STYLE = Automatic;
				DEVELOPMENT_TEAM = 4Q6S759NWS;
				INFOPLIST_FILE = "Tests iOS/Info.plist";
				IPHONEOS_DEPLOYMENT_TARGET = 14.5;
				LD_RUNPATH_SEARCH_PATHS = (
					"$(inherited)",
					"@executable_path/Frameworks",
					"@loader_path/Frameworks",
				);
				PRODUCT_BUNDLE_IDENTIFIER = "Temi.Tests-iOS";
				PRODUCT_NAME = "$(TARGET_NAME)";
				SDKROOT = iphoneos;
				SWIFT_VERSION = 5.0;
				TARGETED_DEVICE_FAMILY = "1,2";
				TEST_TARGET_NAME = "FitnessApp (iOS)";
			};
			name = Debug;
		};
		A716487A26A2F49400506089 /* Release */ = {
			isa = XCBuildConfiguration;
			buildSettings = {
				ALWAYS_EMBED_SWIFT_STANDARD_LIBRARIES = YES;
				CODE_SIGN_STYLE = Automatic;
				DEVELOPMENT_TEAM = 4Q6S759NWS;
				INFOPLIST_FILE = "Tests iOS/Info.plist";
				IPHONEOS_DEPLOYMENT_TARGET = 14.5;
				LD_RUNPATH_SEARCH_PATHS = (
					"$(inherited)",
					"@executable_path/Frameworks",
					"@loader_path/Frameworks",
				);
				PRODUCT_BUNDLE_IDENTIFIER = "Temi.Tests-iOS";
				PRODUCT_NAME = "$(TARGET_NAME)";
				SDKROOT = iphoneos;
				SWIFT_VERSION = 5.0;
				TARGETED_DEVICE_FAMILY = "1,2";
				TEST_TARGET_NAME = "FitnessApp (iOS)";
				VALIDATE_PRODUCT = YES;
			};
			name = Release;
		};
		A716487C26A2F49400506089 /* Debug */ = {
			isa = XCBuildConfiguration;
			buildSettings = {
				ALWAYS_EMBED_SWIFT_STANDARD_LIBRARIES = YES;
				CODE_SIGN_STYLE = Automatic;
				COMBINE_HIDPI_IMAGES = YES;
				DEVELOPMENT_TEAM = 4Q6S759NWS;
				INFOPLIST_FILE = "Tests macOS/Info.plist";
				LD_RUNPATH_SEARCH_PATHS = (
					"$(inherited)",
					"@executable_path/../Frameworks",
					"@loader_path/../Frameworks",
				);
				MACOSX_DEPLOYMENT_TARGET = 11.2;
				PRODUCT_BUNDLE_IDENTIFIER = "Temi.Tests-macOS";
				PRODUCT_NAME = "$(TARGET_NAME)";
				SDKROOT = macosx;
				SWIFT_VERSION = 5.0;
				TEST_TARGET_NAME = "FitnessApp (macOS)";
			};
			name = Debug;
		};
		A716487D26A2F49400506089 /* Release */ = {
			isa = XCBuildConfiguration;
			buildSettings = {
				ALWAYS_EMBED_SWIFT_STANDARD_LIBRARIES = YES;
				CODE_SIGN_STYLE = Automatic;
				COMBINE_HIDPI_IMAGES = YES;
				DEVELOPMENT_TEAM = 4Q6S759NWS;
				INFOPLIST_FILE = "Tests macOS/Info.plist";
				LD_RUNPATH_SEARCH_PATHS = (
					"$(inherited)",
					"@executable_path/../Frameworks",
					"@loader_path/../Frameworks",
				);
				MACOSX_DEPLOYMENT_TARGET = 11.2;
				PRODUCT_BUNDLE_IDENTIFIER = "Temi.Tests-macOS";
				PRODUCT_NAME = "$(TARGET_NAME)";
				SDKROOT = macosx;
				SWIFT_VERSION = 5.0;
				TEST_TARGET_NAME = "FitnessApp (macOS)";
			};
			name = Release;
		};
/* End XCBuildConfiguration section */

/* Begin XCConfigurationList section */
		A716483F26A2F49200506089 /* Build configuration list for PBXProject "FitnessApp" */ = {
			isa = XCConfigurationList;
			buildConfigurations = (
				A716487026A2F49400506089 /* Debug */,
				A716487126A2F49400506089 /* Release */,
			);
			defaultConfigurationIsVisible = 0;
			defaultConfigurationName = Release;
		};
		A716487226A2F49400506089 /* Build configuration list for PBXNativeTarget "FitnessApp (iOS)" */ = {
			isa = XCConfigurationList;
			buildConfigurations = (
				A716487326A2F49400506089 /* Debug */,
				A716487426A2F49400506089 /* Release */,
			);
			defaultConfigurationIsVisible = 0;
			defaultConfigurationName = Release;
		};
		A716487526A2F49400506089 /* Build configuration list for PBXNativeTarget "FitnessApp (macOS)" */ = {
			isa = XCConfigurationList;
			buildConfigurations = (
				A716487626A2F49400506089 /* Debug */,
				A716487726A2F49400506089 /* Release */,
			);
			defaultConfigurationIsVisible = 0;
			defaultConfigurationName = Release;
		};
		A716487826A2F49400506089 /* Build configuration list for PBXNativeTarget "Tests iOS" */ = {
			isa = XCConfigurationList;
			buildConfigurations = (
				A716487926A2F49400506089 /* Debug */,
				A716487A26A2F49400506089 /* Release */,
			);
			defaultConfigurationIsVisible = 0;
			defaultConfigurationName = Release;
		};
		A716487B26A2F49400506089 /* Build configuration list for PBXNativeTarget "Tests macOS" */ = {
			isa = XCConfigurationList;
			buildConfigurations = (
				A716487C26A2F49400506089 /* Debug */,
				A716487D26A2F49400506089 /* Release */,
			);
			defaultConfigurationIsVisible = 0;
			defaultConfigurationName = Release;
		};
/* End XCConfigurationList section */
	};
	rootObject = A716483C26A2F49200506089 /* Project object */;
}
